
Microsoft Visual Studio Solution File, Format Version 12.00
# Visual Studio Version 16
VisualStudioVersion = 16.0.29911.84
MinimumVisualStudioVersion = 10.0.40219.1
Project("{FAE04EC0-301F-11D3-BF4B-00C04F79EFBC}") = "AZApi", "AZApi.csproj", "{19D9ED02-730B-444B-959D-E692544CEC0D}"
EndProject
Global
	GlobalSection(SolutionConfigurationPlatforms) = preSolution
		Debug|Any CPU = Debug|Any CPU
		Release|Any CPU = Release|Any CPU
	EndGlobalSection
	GlobalSection(ProjectConfigurationPlatforms) = postSolution
		{19D9ED02-730B-444B-959D-E692544CEC0D}.Debug|Any CPU.ActiveCfg = Debug|Any CPU
		{19D9ED02-730B-444B-959D-E692544CEC0D}.Debug|Any CPU.Build.0 = Debug|Any CPU
		{19D9ED02-730B-444B-959D-E692544CEC0D}.Release|Any CPU.ActiveCfg = Release|Any CPU
		{19D9ED02-730B-444B-959D-E692544CEC0D}.Release|Any CPU.Build.0 = Release|Any CPU
	EndGlobalSection
	GlobalSection(SolutionProperties) = preSolution
		HideSolutionNode = FALSE
	EndGlobalSection
	GlobalSection(ExtensibilityGlobals) = postSolution
		SolutionGuid = {F7902882-FF0E-4F28-87E6-1533B1877F98}
	EndGlobalSection
EndGlobal
